
Microsoft Visual Studio Solution File, Format Version 12.00
# Visual Studio 14
VisualStudioVersion = 14.0.25420.1
MinimumVisualStudioVersion = 10.0.40219.1
Project("{2150E333-8FDC-42A3-9474-1A3956D46DE8}") = "Research", "Research", "{B7CDC252-9332-44C0-A8F1-7DFBAF0722E2}"
EndProject
Project("{2150E333-8FDC-42A3-9474-1A3956D46DE8}") = "Framework", "Framework", "{7C07DEE7-DE91-4055-99D6-3F20F91AB518}"
EndProject
Project("{FAE04EC0-301F-11D3-BF4B-00C04F79EFBC}") = "Me.Api.v1", "Me.Api.v1\Me.Api.v1.csproj", "{52425F2D-E545-4BC1-8773-5ADB5C0AA539}"
EndProject
Project("{FAE04EC0-301F-11D3-BF4B-00C04F79EFBC}") = "Me.Domain.V1", "Me.Domain.V1\Me.Domain.V1.csproj", "{CECDB18B-3124-4D5F-BA7E-FC565375FBF5}"
EndProject
Project("{FAE04EC0-301F-11D3-BF4B-00C04F79EFBC}") = "Halza.Api", "Halza.Api\Halza.Api.csproj", "{F0CF7DF2-AFA1-4B3D-B188-A0A568AD1F7E}"
EndProject
Project("{2150E333-8FDC-42A3-9474-1A3956D46DE8}") = "Front-endRnD", "Front-endRnD", "{DBF1E550-A512-4C18-96A1-99D93FC0ACAC}"
EndProject
Project("{FAE04EC0-301F-11D3-BF4B-00C04F79EFBC}") = "Ebox.MvcIntegratedAngularJs", "Ebox.MvcIntegratedAngularJs\Ebox.MvcIntegratedAngularJs.csproj", "{6CEA8C88-875C-4B79-BB36-56CB4D82EFB4}"
EndProject
Project("{FAE04EC0-301F-11D3-BF4B-00C04F79EFBC}") = "ScrumWebApp", "ScrumWebApp\ScrumWebApp.csproj", "{2D636EF1-F8E5-48A3-B552-7A11E42BF84B}"
EndProject
Project("{FAE04EC0-301F-11D3-BF4B-00C04F79EFBC}") = "LogiGear.MvcApp1", "LogiGear.MvcApp1\LogiGear.MvcApp1.csproj", "{5D5BD961-7B67-4A8F-B777-DA466E967CE0}"
EndProject
Project("{FAE04EC0-301F-11D3-BF4B-00C04F79EFBC}") = "Infrastructure.DependencyResolution", "LogigearFramework\1. Infrastructure\DependencyResolution\Infrastructure.DependencyResolution.csproj", "{8DADA89E-C462-4228-990E-7D2A491912A7}"
EndProject
Project("{FAE04EC0-301F-11D3-BF4B-00C04F79EFBC}") = "Infrastructure.ExceptionHandler", "LogigearFramework\1. Infrastructure\ExceptionHandler\Infrastructure.ExceptionHandler.csproj", "{117145C6-3879-4255-9B7B-7653324FBF9B}"
EndProject
Project("{FAE04EC0-301F-11D3-BF4B-00C04F79EFBC}") = "Infrastructure.Logging", "LogigearFramework\1. Infrastructure\Logging\Infrastructure.Logging.csproj", "{8ED1FC4A-972B-4CEF-B69F-5302DA45BDD4}"
EndProject
Project("{FAE04EC0-301F-11D3-BF4B-00C04F79EFBC}") = "Infrastructure.Persistence", "LogigearFramework\1. Infrastructure\Persistence\Infrastructure.Persistence.csproj", "{6DDF6DAE-F717-4921-8804-01453DCE185A}"
EndProject
Project("{FAE04EC0-301F-11D3-BF4B-00C04F79EFBC}") = "Application.Commands", "LogigearFramework\4. Application\Commands\Application.Commands.csproj", "{1421548A-5822-4D87-87DB-A758AB3D2ACF}"
EndProject
Project("{FAE04EC0-301F-11D3-BF4B-00C04F79EFBC}") = "Application.ServiceContracts", "LogigearFramework\4. Application\ServiceContracts\Application.ServiceContracts.csproj", "{DBE16E0F-4EBB-4251-9B4A-98AA14FC85A4}"
EndProject
Project("{FAE04EC0-301F-11D3-BF4B-00C04F79EFBC}") = "Application.Services", "LogigearFramework\4. Application\Services\Application.Services.csproj", "{A8F2743B-08DD-4F9F-AF9B-C21FD5671EE8}"
EndProject
Project("{FAE04EC0-301F-11D3-BF4B-00C04F79EFBC}") = "Domain.Entities", "LogigearFramework\5. Domain\Entities\Domain.Entities.csproj", "{10BA0B69-F5B9-4B4C-8550-759176159BC4}"
EndProject
Project("{FAE04EC0-301F-11D3-BF4B-00C04F79EFBC}") = "Domain.Repositories", "LogigearFramework\5. Domain\Repositories\Domain.Repositories.csproj", "{FABD8083-1FD7-4FF4-B1B2-F675BBA7A9A9}"
EndProject
Project("{FAE04EC0-301F-11D3-BF4B-00C04F79EFBC}") = "Domain.Services", "LogigearFramework\5. Domain\Services\Domain.Services.csproj", "{1B7CCB98-8CBF-44AA-BF22-326D7FD1CF21}"
EndProject
Global
	GlobalSection(SolutionConfigurationPlatforms) = preSolution
		Debug|Any CPU = Debug|Any CPU
		Release|Any CPU = Release|Any CPU
	EndGlobalSection
	GlobalSection(ProjectConfigurationPlatforms) = postSolution
		{52425F2D-E545-4BC1-8773-5ADB5C0AA539}.Debug|Any CPU.ActiveCfg = Debug|Any CPU
		{52425F2D-E545-4BC1-8773-5ADB5C0AA539}.Debug|Any CPU.Build.0 = Debug|Any CPU
		{52425F2D-E545-4BC1-8773-5ADB5C0AA539}.Release|Any CPU.ActiveCfg = Release|Any CPU
		{52425F2D-E545-4BC1-8773-5ADB5C0AA539}.Release|Any CPU.Build.0 = Release|Any CPU
		{CECDB18B-3124-4D5F-BA7E-FC565375FBF5}.Debug|Any CPU.ActiveCfg = Debug|Any CPU
		{CECDB18B-3124-4D5F-BA7E-FC565375FBF5}.Debug|Any CPU.Build.0 = Debug|Any CPU
		{CECDB18B-3124-4D5F-BA7E-FC565375FBF5}.Release|Any CPU.ActiveCfg = Release|Any CPU
		{CECDB18B-3124-4D5F-BA7E-FC565375FBF5}.Release|Any CPU.Build.0 = Release|Any CPU
		{F0CF7DF2-AFA1-4B3D-B188-A0A568AD1F7E}.Debug|Any CPU.ActiveCfg = Debug|Any CPU
		{F0CF7DF2-AFA1-4B3D-B188-A0A568AD1F7E}.Debug|Any CPU.Build.0 = Debug|Any CPU
		{F0CF7DF2-AFA1-4B3D-B188-A0A568AD1F7E}.Release|Any CPU.ActiveCfg = Release|Any CPU
		{F0CF7DF2-AFA1-4B3D-B188-A0A568AD1F7E}.Release|Any CPU.Build.0 = Release|Any CPU
		{6CEA8C88-875C-4B79-BB36-56CB4D82EFB4}.Debug|Any CPU.ActiveCfg = Debug|Any CPU
		{6CEA8C88-875C-4B79-BB36-56CB4D82EFB4}.Debug|Any CPU.Build.0 = Debug|Any CPU
		{6CEA8C88-875C-4B79-BB36-56CB4D82EFB4}.Release|Any CPU.ActiveCfg = Release|Any CPU
		{6CEA8C88-875C-4B79-BB36-56CB4D82EFB4}.Release|Any CPU.Build.0 = Release|Any CPU
		{2D636EF1-F8E5-48A3-B552-7A11E42BF84B}.Debug|Any CPU.ActiveCfg = Debug|Any CPU
		{2D636EF1-F8E5-48A3-B552-7A11E42BF84B}.Debug|Any CPU.Build.0 = Debug|Any CPU
		{2D636EF1-F8E5-48A3-B552-7A11E42BF84B}.Release|Any CPU.ActiveCfg = Release|Any CPU
		{2D636EF1-F8E5-48A3-B552-7A11E42BF84B}.Release|Any CPU.Build.0 = Release|Any CPU
		{5D5BD961-7B67-4A8F-B777-DA466E967CE0}.Debug|Any CPU.ActiveCfg = Debug|Any CPU
		{5D5BD961-7B67-4A8F-B777-DA466E967CE0}.Debug|Any CPU.Build.0 = Debug|Any CPU
		{5D5BD961-7B67-4A8F-B777-DA466E967CE0}.Release|Any CPU.ActiveCfg = Release|Any CPU
		{5D5BD961-7B67-4A8F-B777-DA466E967CE0}.Release|Any CPU.Build.0 = Release|Any CPU
		{8DADA89E-C462-4228-990E-7D2A491912A7}.Debug|Any CPU.ActiveCfg = Debug|Any CPU
		{8DADA89E-C462-4228-990E-7D2A491912A7}.Debug|Any CPU.Build.0 = Debug|Any CPU
		{8DADA89E-C462-4228-990E-7D2A491912A7}.Release|Any CPU.ActiveCfg = Release|Any CPU
		{8DADA89E-C462-4228-990E-7D2A491912A7}.Release|Any CPU.Build.0 = Release|Any CPU
		{117145C6-3879-4255-9B7B-7653324FBF9B}.Debug|Any CPU.ActiveCfg = Debug|Any CPU
		{117145C6-3879-4255-9B7B-7653324FBF9B}.Debug|Any CPU.Build.0 = Debug|Any CPU
		{117145C6-3879-4255-9B7B-7653324FBF9B}.Release|Any CPU.ActiveCfg = Release|Any CPU
		{117145C6-3879-4255-9B7B-7653324FBF9B}.Release|Any CPU.Build.0 = Release|Any CPU
		{8ED1FC4A-972B-4CEF-B69F-5302DA45BDD4}.Debug|Any CPU.ActiveCfg = Debug|Any CPU
		{8ED1FC4A-972B-4CEF-B69F-5302DA45BDD4}.Debug|Any CPU.Build.0 = Debug|Any CPU
		{8ED1FC4A-972B-4CEF-B69F-5302DA45BDD4}.Release|Any CPU.ActiveCfg = Release|Any CPU
		{8ED1FC4A-972B-4CEF-B69F-5302DA45BDD4}.Release|Any CPU.Build.0 = Release|Any CPU
		{6DDF6DAE-F717-4921-8804-01453DCE185A}.Debug|Any CPU.ActiveCfg = Debug|Any CPU
		{6DDF6DAE-F717-4921-8804-01453DCE185A}.Debug|Any CPU.Build.0 = Debug|Any CPU
		{6DDF6DAE-F717-4921-8804-01453DCE185A}.Release|Any CPU.ActiveCfg = Release|Any CPU
		{6DDF6DAE-F717-4921-8804-01453DCE185A}.Release|Any CPU.Build.0 = Release|Any CPU
		{1421548A-5822-4D87-87DB-A758AB3D2ACF}.Debug|Any CPU.ActiveCfg = Debug|Any CPU
		{1421548A-5822-4D87-87DB-A758AB3D2ACF}.Debug|Any CPU.Build.0 = Debug|Any CPU
		{1421548A-5822-4D87-87DB-A758AB3D2ACF}.Release|Any CPU.ActiveCfg = Release|Any CPU
		{1421548A-5822-4D87-87DB-A758AB3D2ACF}.Release|Any CPU.Build.0 = Release|Any CPU
		{DBE16E0F-4EBB-4251-9B4A-98AA14FC85A4}.Debug|Any CPU.ActiveCfg = Debug|Any CPU
		{DBE16E0F-4EBB-4251-9B4A-98AA14FC85A4}.Debug|Any CPU.Build.0 = Debug|Any CPU
		{DBE16E0F-4EBB-4251-9B4A-98AA14FC85A4}.Release|Any CPU.ActiveCfg = Release|Any CPU
		{DBE16E0F-4EBB-4251-9B4A-98AA14FC85A4}.Release|Any CPU.Build.0 = Release|Any CPU
		{A8F2743B-08DD-4F9F-AF9B-C21FD5671EE8}.Debug|Any CPU.ActiveCfg = Debug|Any CPU
		{A8F2743B-08DD-4F9F-AF9B-C21FD5671EE8}.Debug|Any CPU.Build.0 = Debug|Any CPU
		{A8F2743B-08DD-4F9F-AF9B-C21FD5671EE8}.Release|Any CPU.ActiveCfg = Release|Any CPU
		{A8F2743B-08DD-4F9F-AF9B-C21FD5671EE8}.Release|Any CPU.Build.0 = Release|Any CPU
		{10BA0B69-F5B9-4B4C-8550-759176159BC4}.Debug|Any CPU.ActiveCfg = Debug|Any CPU
		{10BA0B69-F5B9-4B4C-8550-759176159BC4}.Debug|Any CPU.Build.0 = Debug|Any CPU
		{10BA0B69-F5B9-4B4C-8550-759176159BC4}.Release|Any CPU.ActiveCfg = Release|Any CPU
		{10BA0B69-F5B9-4B4C-8550-759176159BC4}.Release|Any CPU.Build.0 = Release|Any CPU
		{FABD8083-1FD7-4FF4-B1B2-F675BBA7A9A9}.Debug|Any CPU.ActiveCfg = Debug|Any CPU
		{FABD8083-1FD7-4FF4-B1B2-F675BBA7A9A9}.Debug|Any CPU.Build.0 = Debug|Any CPU
		{FABD8083-1FD7-4FF4-B1B2-F675BBA7A9A9}.Release|Any CPU.ActiveCfg = Release|Any CPU
		{FABD8083-1FD7-4FF4-B1B2-F675BBA7A9A9}.Release|Any CPU.Build.0 = Release|Any CPU
		{1B7CCB98-8CBF-44AA-BF22-326D7FD1CF21}.Debug|Any CPU.ActiveCfg = Debug|Any CPU
		{1B7CCB98-8CBF-44AA-BF22-326D7FD1CF21}.Debug|Any CPU.Build.0 = Debug|Any CPU
		{1B7CCB98-8CBF-44AA-BF22-326D7FD1CF21}.Release|Any CPU.ActiveCfg = Release|Any CPU
		{1B7CCB98-8CBF-44AA-BF22-326D7FD1CF21}.Release|Any CPU.Build.0 = Release|Any CPU
	EndGlobalSection
	GlobalSection(SolutionProperties) = preSolution
		HideSolutionNode = FALSE
	EndGlobalSection
	GlobalSection(NestedProjects) = preSolution
		{52425F2D-E545-4BC1-8773-5ADB5C0AA539} = {B7CDC252-9332-44C0-A8F1-7DFBAF0722E2}
		{CECDB18B-3124-4D5F-BA7E-FC565375FBF5} = {B7CDC252-9332-44C0-A8F1-7DFBAF0722E2}
		{F0CF7DF2-AFA1-4B3D-B188-A0A568AD1F7E} = {B7CDC252-9332-44C0-A8F1-7DFBAF0722E2}
		{6CEA8C88-875C-4B79-BB36-56CB4D82EFB4} = {DBF1E550-A512-4C18-96A1-99D93FC0ACAC}
		{2D636EF1-F8E5-48A3-B552-7A11E42BF84B} = {DBF1E550-A512-4C18-96A1-99D93FC0ACAC}
		{5D5BD961-7B67-4A8F-B777-DA466E967CE0} = {DBF1E550-A512-4C18-96A1-99D93FC0ACAC}
		{8DADA89E-C462-4228-990E-7D2A491912A7} = {7C07DEE7-DE91-4055-99D6-3F20F91AB518}
		{117145C6-3879-4255-9B7B-7653324FBF9B} = {7C07DEE7-DE91-4055-99D6-3F20F91AB518}
		{8ED1FC4A-972B-4CEF-B69F-5302DA45BDD4} = {7C07DEE7-DE91-4055-99D6-3F20F91AB518}
		{6DDF6DAE-F717-4921-8804-01453DCE185A} = {7C07DEE7-DE91-4055-99D6-3F20F91AB518}
		{1421548A-5822-4D87-87DB-A758AB3D2ACF} = {7C07DEE7-DE91-4055-99D6-3F20F91AB518}
		{DBE16E0F-4EBB-4251-9B4A-98AA14FC85A4} = {7C07DEE7-DE91-4055-99D6-3F20F91AB518}
		{A8F2743B-08DD-4F9F-AF9B-C21FD5671EE8} = {7C07DEE7-DE91-4055-99D6-3F20F91AB518}
		{10BA0B69-F5B9-4B4C-8550-759176159BC4} = {7C07DEE7-DE91-4055-99D6-3F20F91AB518}
		{FABD8083-1FD7-4FF4-B1B2-F675BBA7A9A9} = {7C07DEE7-DE91-4055-99D6-3F20F91AB518}
		{1B7CCB98-8CBF-44AA-BF22-326D7FD1CF21} = {7C07DEE7-DE91-4055-99D6-3F20F91AB518}
	EndGlobalSection
EndGlobal
