
Microsoft Visual Studio Solution File, Format Version 12.00
# Visual Studio 14
VisualStudioVersion = 14.0.25123.0
MinimumVisualStudioVersion = 10.0.40219.1
Project("{2150E333-8FDC-42A3-9474-1A3956D46DE8}") = "Research", "Research", "{B7CDC252-9332-44C0-A8F1-7DFBAF0722E2}"
EndProject
Project("{2150E333-8FDC-42A3-9474-1A3956D46DE8}") = "Framework", "Framework", "{7C07DEE7-DE91-4055-99D6-3F20F91AB518}"
EndProject
Project("{FAE04EC0-301F-11D3-BF4B-00C04F79EFBC}") = "Halza.Api", "Halza.Api\Halza.Api.csproj", "{F0CF7DF2-AFA1-4B3D-B188-A0A568AD1F7E}"
EndProject
Project("{FAE04EC0-301F-11D3-BF4B-00C04F79EFBC}") = "Me.Api.v1", "Me.Api.v1\Me.Api.v1.csproj", "{52425F2D-E545-4BC1-8773-5ADB5C0AA539}"
EndProject
Global
	GlobalSection(SolutionConfigurationPlatforms) = preSolution
		Debug|Any CPU = Debug|Any CPU
		Release|Any CPU = Release|Any CPU
	EndGlobalSection
	GlobalSection(ProjectConfigurationPlatforms) = postSolution
		{F0CF7DF2-AFA1-4B3D-B188-A0A568AD1F7E}.Debug|Any CPU.ActiveCfg = Debug|Any CPU
		{F0CF7DF2-AFA1-4B3D-B188-A0A568AD1F7E}.Debug|Any CPU.Build.0 = Debug|Any CPU
		{F0CF7DF2-AFA1-4B3D-B188-A0A568AD1F7E}.Release|Any CPU.ActiveCfg = Release|Any CPU
		{F0CF7DF2-AFA1-4B3D-B188-A0A568AD1F7E}.Release|Any CPU.Build.0 = Release|Any CPU
		{52425F2D-E545-4BC1-8773-5ADB5C0AA539}.Debug|Any CPU.ActiveCfg = Debug|Any CPU
		{52425F2D-E545-4BC1-8773-5ADB5C0AA539}.Debug|Any CPU.Build.0 = Debug|Any CPU
		{52425F2D-E545-4BC1-8773-5ADB5C0AA539}.Release|Any CPU.ActiveCfg = Release|Any CPU
		{52425F2D-E545-4BC1-8773-5ADB5C0AA539}.Release|Any CPU.Build.0 = Release|Any CPU
	EndGlobalSection
	GlobalSection(SolutionProperties) = preSolution
		HideSolutionNode = FALSE
	EndGlobalSection
	GlobalSection(NestedProjects) = preSolution
		{F0CF7DF2-AFA1-4B3D-B188-A0A568AD1F7E} = {B7CDC252-9332-44C0-A8F1-7DFBAF0722E2}
		{52425F2D-E545-4BC1-8773-5ADB5C0AA539} = {B7CDC252-9332-44C0-A8F1-7DFBAF0722E2}
	EndGlobalSection
EndGlobal
